PODS:
  - AFNetworking (3.2.1):
    - AFNetworking/NSURLSession (= 3.2.1)
    - AFNetworking/Reachability (= 3.2.1)
    - AFNetworking/Security (= 3.2.1)
    - AFNetworking/Serialization (= 3.2.1)
    - AFNetworking/UIKit (= 3.2.1)
  - AFNetworking/NSURLSession (3.2.1):
    - AFNetworking/Reachability
    - AFNetworking/Security
    - AFNetworking/Serialization
  - AFNetworking/Reachability (3.2.1)
  - AFNetworking/Security (3.2.1)
  - AFNetworking/Serialization (3.2.1)
  - AFNetworking/UIKit (3.2.1):
    - AFNetworking/NSURLSession
  - CocoaLumberjack (3.5.3):
    - CocoaLumberjack/Core (= 3.5.3)
  - CocoaLumberjack/Core (3.5.3)
  - FMDB (2.7.5):
    - FMDB/standard (= 2.7.5)
  - FMDB/standard (2.7.5)
  - HTModelKit (0.1.4)
  - HTNetworkKit (0.1.2):
    - AFNetworking (~> 3.0)
    - HTModelKit
    - HTNetworkKit/no-arc (= 0.1.2)
    - HTToolsKit
  - HTNetworkKit/no-arc (0.1.2):
    - AFNetworking (~> 3.0)
    - HTModelKit
    - HTToolsKit
  - HTToolsKit (0.1.6):
    - HTToolsKit/FCUUID (= 0.1.6)
    - HTToolsKit/FileDownloadOrUpload (= 0.1.6)
    - HTToolsKit/FileManager (= 0.1.6)
    - HTToolsKit/FontHelper (= 0.1.6)
    - HTToolsKit/GCDHelper (= 0.1.6)
    - HTToolsKit/IPTool (= 0.1.6)
    - HTToolsKit/LKDBHelper (= 0.1.6)
    - HTToolsKit/Logger (= 0.1.6)
    - HTToolsKit/NormalDatabase (= 0.1.6)
    - HTToolsKit/OtherHelper (= 0.1.6)
    - HTToolsKit/Reachability (= 0.1.6)
  - HTToolsKit/FCUUID (0.1.6)
  - HTToolsKit/FileDownloadOrUpload (0.1.6):
    - HTModelKit
    - HTToolsKit/FileManager
    - HTToolsKit/NormalDatabase
    - HTToolsKit/OtherHelper
    - MBProgressHUD
  - HTToolsKit/FileManager (0.1.6):
    - HTToolsKit/NormalDatabase
    - HTToolsKit/OtherHelper
  - HTToolsKit/FontHelper (0.1.6)
  - HTToolsKit/GCDHelper (0.1.6)
  - HTToolsKit/IPTool (0.1.6)
  - HTToolsKit/LKDBHelper (0.1.6):
    - LKDBHelper
  - HTToolsKit/Logger (0.1.6):
    - CocoaLumberjack
  - HTToolsKit/NormalDatabase (0.1.6):
    - HTModelKit
  - HTToolsKit/OtherHelper (0.1.6):
    - MBProgressHUD
  - HTToolsKit/Reachability (0.1.6)
  - LKDBHelper (2.5.1):
    - LKDBHelper/standard (= 2.5.1)
  - LKDBHelper/standard (2.5.1):
    - FMDB
  - MBProgressHUD (1.1.0)

DEPENDENCIES:
  - HTNetworkKit (from `../`)

SPEC REPOS:
  http://10.0.93.53:88/icp_mobile/icp_mobile_ios/icp_mobile_specs.git:
    - HTModelKit
  https://github.com/cocoapods/specs.git:
    - AFNetworking
    - CocoaLumberjack
    - FMDB
    - LKDBHelper
    - MBProgressHUD
  https://github.com/icpmobile/ICPMSpecs.git:
    - HTToolsKit

EXTERNAL SOURCES:
  HTNetworkKit:
    :path: "../"

SPEC CHECKSUMS:
  AFNetworking: b6f891fdfaed196b46c7a83cf209e09697b94057
  CocoaLumberjack: 2f44e60eb91c176d471fdba43b9e3eae6a721947
  FMDB: 2ce00b547f966261cd18927a3ddb07cb6f3db82a
  HTModelKit: 5d098d24aa1b16d3b8c14b5fab4414a63c5c260d
  HTNetworkKit: 4bdfb2af2368613c254a8b710a7ba1b7e60254dc
  HTToolsKit: fdc9f1bb10c9db87d7056c27deccb5875fc55511
  LKDBHelper: 9a276ba51f2e16263d46a9517e16cc9b03472664
  MBProgressHUD: e7baa36a220447d8aeb12769bf0585582f3866d9

PODFILE CHECKSUM: 5679f6752f18aef36cff9dc49efc6f68c600e519

COCOAPODS: 1.6.1
